
Microsoft Visual Studio Solution File, Format Version 12.00
# Visual Studio Version 16
VisualStudioVersion = 16.0.28407.52
MinimumVisualStudioVersion = 10.0.40219.1
Project("{9A19103F-16F7-4668-BE54-9A1E7A4F7556}") = "Search.Net", "src\Search.Net\Search.Net.csproj", "{009F194C-88CD-4E01-841D-F34C2C1B9C1C}"
EndProject
Project("{FAE04EC0-301F-11D3-BF4B-00C04F79EFBC}") = "Search.Net.Tests", "test\Search.Net.Tests\Search.Net.Tests.csproj", "{251673CF-B56E-4613-82B7-6C4BC613C92A}"
EndProject
Global
	GlobalSection(SolutionConfigurationPlatforms) = preSolution
		Debug|Any CPU = Debug|Any CPU
		Release|Any CPU = Release|Any CPU
	EndGlobalSection
	GlobalSection(ProjectConfigurationPlatforms) = postSolution
		{009F194C-88CD-4E01-841D-F34C2C1B9C1C}.Debug|Any CPU.ActiveCfg = Debug|Any CPU
		{009F194C-88CD-4E01-841D-F34C2C1B9C1C}.Debug|Any CPU.Build.0 = Debug|Any CPU
		{009F194C-88CD-4E01-841D-F34C2C1B9C1C}.Release|Any CPU.ActiveCfg = Release|Any CPU
		{009F194C-88CD-4E01-841D-F34C2C1B9C1C}.Release|Any CPU.Build.0 = Release|Any CPU
		{251673CF-B56E-4613-82B7-6C4BC613C92A}.Debug|Any CPU.ActiveCfg = Debug|Any CPU
		{251673CF-B56E-4613-82B7-6C4BC613C92A}.Debug|Any CPU.Build.0 = Debug|Any CPU
		{251673CF-B56E-4613-82B7-6C4BC613C92A}.Release|Any CPU.ActiveCfg = Release|Any CPU
		{251673CF-B56E-4613-82B7-6C4BC613C92A}.Release|Any CPU.Build.0 = Release|Any CPU
	EndGlobalSection
	GlobalSection(SolutionProperties) = preSolution
		HideSolutionNode = FALSE
	EndGlobalSection
	GlobalSection(ExtensibilityGlobals) = postSolution
		SolutionGuid = {5387E4C3-B602-4395-A9BB-4E7DFF3E04D7}
	EndGlobalSection
EndGlobal
